
Microsoft Visual Studio Solution File, Format Version 12.00
# Visual Studio Version 17
VisualStudioVersion = 17.7.34031.279
MinimumVisualStudioVersion = 10.0.40219.1
Project("{FAE04EC0-301F-11D3-BF4B-00C04F79EFBC}") = "AlgorithmAnalysisProject", "AlgorithmAnalysisProject\AlgorithmAnalysisProject.csproj", "{A903C559-1AAD-4615-9CBF-F1DB6E7888FC}"
EndProject
Global
	GlobalSection(SolutionConfigurationPlatforms) = preSolution
		Debug|Any CPU = Debug|Any CPU
		Release|Any CPU = Release|Any CPU
	EndGlobalSection
	GlobalSection(ProjectConfigurationPlatforms) = postSolution
		{A903C559-1AAD-4615-9CBF-F1DB6E7888FC}.Debug|Any CPU.ActiveCfg = Debug|Any CPU
		{A903C559-1AAD-4615-9CBF-F1DB6E7888FC}.Debug|Any CPU.Build.0 = Debug|Any CPU
		{A903C559-1AAD-4615-9CBF-F1DB6E7888FC}.Release|Any CPU.ActiveCfg = Release|Any CPU
		{A903C559-1AAD-4615-9CBF-F1DB6E7888FC}.Release|Any CPU.Build.0 = Release|Any CPU
	EndGlobalSection
	GlobalSection(SolutionProperties) = preSolution
		HideSolutionNode = FALSE
	EndGlobalSection
	GlobalSection(ExtensibilityGlobals) = postSolution
		SolutionGuid = {68C2BC2B-51CB-46DE-80D7-CB3BACF55E13}
	EndGlobalSection
EndGlobal
